
Microsoft Visual Studio Solution File, Format Version 12.00
# Visual Studio 15
VisualStudioVersion = 15.0.26430.6
MinimumVisualStudioVersion = 10.0.40219.1
Project("{FAE04EC0-301F-11D3-BF4B-00C04F79EFBC}") = "MvcDemo.Web", "MvcDemo.Web\MvcDemo.Web.csproj", "{E7F1E4C9-ACF4-4411-AED4-95D0329CD70C}"
EndProject
Global
	GlobalSection(SolutionConfigurationPlatforms) = preSolution
		Debug|Any CPU = Debug|Any CPU
		Release|Any CPU = Release|Any CPU
	EndGlobalSection
	GlobalSection(ProjectConfigurationPlatforms) = postSolution
		{E7F1E4C9-ACF4-4411-AED4-95D0329CD70C}.Debug|Any CPU.ActiveCfg = Debug|Any CPU
		{E7F1E4C9-ACF4-4411-AED4-95D0329CD70C}.Debug|Any CPU.Build.0 = Debug|Any CPU
		{E7F1E4C9-ACF4-4411-AED4-95D0329CD70C}.Release|Any CPU.ActiveCfg = Release|Any CPU
		{E7F1E4C9-ACF4-4411-AED4-95D0329CD70C}.Release|Any CPU.Build.0 = Release|Any CPU
	EndGlobalSection
	GlobalSection(SolutionProperties) = preSolution
		HideSolutionNode = FALSE
	EndGlobalSection
EndGlobal
